// !$*UTF8*$!
{
	archiveVersion = 1;
	classes = {
	};
	objectVersion = 51;
	objects = {

/* Begin PBXBuildFile section */
		5502F73C23794DF6001003C9 /* Launcher.swift in Sources */ = {isa = PBXBuildFile; fileRef = 5502F73B23794DF6001003C9 /* Launcher.swift */; };
		5502F73E23797FC9001003C9 /* UIViewControllerExtensions.swift in Sources */ = {isa = PBXBuildFile; fileRef = 5502F73D23797FC9001003C9 /* UIViewControllerExtensions.swift */; };
		552A5307234F4DCF0056A6BD /* APIKey.swift in Sources */ = {isa = PBXBuildFile; fileRef = 552A5306234F4DCF0056A6BD /* APIKey.swift */; };
		554CC8B7234F702B00E95117 /* MapItem.swift in Sources */ = {isa = PBXBuildFile; fileRef = 554CC8B6234F702B00E95117 /* MapItem.swift */; };
		5550952F236AFEC6009EB330 /* ButtonViewController.swift in Sources */ = {isa = PBXBuildFile; fileRef = 5550952E236AFEC6009EB330 /* ButtonViewController.swift */; };
		55509532236B075F009EB330 /* MapViewController.swift in Sources */ = {isa = PBXBuildFile; fileRef = 55509531236B075F009EB330 /* MapViewController.swift */; };
		55509534236B07F0009EB330 /* MapViewControllerViewModel.swift in Sources */ = {isa = PBXBuildFile; fileRef = 55509533236B07F0009EB330 /* MapViewControllerViewModel.swift */; };
		55509537236B0923009EB330 /* GoogleMapViewController.swift in Sources */ = {isa = PBXBuildFile; fileRef = 55509536236B0923009EB330 /* GoogleMapViewController.swift */; };
		5551093023575218000B8AE1 /* MarkerCategory.swift in Sources */ = {isa = PBXBuildFile; fileRef = 5551092F23575218000B8AE1 /* MarkerCategory.swift */; };
		5553427623719629004558A4 /* ClusterConfigurator.swift in Sources */ = {isa = PBXBuildFile; fileRef = 5553427523719629004558A4 /* ClusterConfigurator.swift */; };
		555342782371998C004558A4 /* ClusterManagerConfigurator.swift in Sources */ = {isa = PBXBuildFile; fileRef = 555342772371998C004558A4 /* ClusterManagerConfigurator.swift */; };
		5553427A23719AE1004558A4 /* ClusterAlgorithms.swift in Sources */ = {isa = PBXBuildFile; fileRef = 5553427923719AE1004558A4 /* ClusterAlgorithms.swift */; };
		555C009B234F3E34000E2496 /* AppDelegate.swift in Sources */ = {isa = PBXBuildFile; fileRef = 555C009A234F3E34000E2496 /* AppDelegate.swift */; };
		555C009D234F3E34000E2496 /* SceneDelegate.swift in Sources */ = {isa = PBXBuildFile; fileRef = 555C009C234F3E34000E2496 /* SceneDelegate.swift */; };
		555C009F234F3E34000E2496 /* GoogleMapsViewController.swift in Sources */ = {isa = PBXBuildFile; fileRef = 555C009E234F3E34000E2496 /* GoogleMapsViewController.swift */; };
		555C00A2234F3E34000E2496 /* Main.storyboard in Resources */ = {isa = PBXBuildFile; fileRef = 555C00A0234F3E34000E2496 /* Main.storyboard */; };
		555C00A4234F3E35000E2496 /* Assets.xcassets in Resources */ = {isa = PBXBuildFile; fileRef = 555C00A3234F3E35000E2496 /* Assets.xcassets */; };
		555C00A7234F3E35000E2496 /* LaunchScreen.storyboard in Resources */ = {isa = PBXBuildFile; fileRef = 555C00A5234F3E35000E2496 /* LaunchScreen.storyboard */; };
		5565FA1B2374376A00ED769A /* ClusterConfiguratorParameters.swift in Sources */ = {isa = PBXBuildFile; fileRef = 5565FA1A2374376A00ED769A /* ClusterConfiguratorParameters.swift */; };
		5565FA1D23743A2B00ED769A /* DataForClusterConfigurator.swift in Sources */ = {isa = PBXBuildFile; fileRef = 5565FA1C23743A2B00ED769A /* DataForClusterConfigurator.swift */; };
		556B9CA5235DA92C00AB713B /* MoyaService.swift in Sources */ = {isa = PBXBuildFile; fileRef = 556B9CA4235DA92C00AB713B /* MoyaService.swift */; };
		556B9CA8235DCB9500AB713B /* NetworkManager.swift in Sources */ = {isa = PBXBuildFile; fileRef = 556B9CA7235DCB9500AB713B /* NetworkManager.swift */; };
		556B9CAB235DCCEF00AB713B /* Geodata.swift in Sources */ = {isa = PBXBuildFile; fileRef = 556B9CAA235DCCEF00AB713B /* Geodata.swift */; };
		5575845F2366CA11008A3841 /* GoogleMapsViewModel.swift in Sources */ = {isa = PBXBuildFile; fileRef = 5575845E2366CA11008A3841 /* GoogleMapsViewModel.swift */; };
		557766CC23755ECF004592F1 /* ButtonRouterPorotocol.swift in Sources */ = {isa = PBXBuildFile; fileRef = 557766CB23755ECF004592F1 /* ButtonRouterPorotocol.swift */; };
		557766CE23755EFD004592F1 /* ButtonRouter.swift in Sources */ = {isa = PBXBuildFile; fileRef = 557766CD23755EFD004592F1 /* ButtonRouter.swift */; };
		557766D0237579AF004592F1 /* GoogleMapsModule.swift in Sources */ = {isa = PBXBuildFile; fileRef = 557766CF237579AF004592F1 /* GoogleMapsModule.swift */; };
		557766D723758DEB004592F1 /* ButtonSceneModule.swift in Sources */ = {isa = PBXBuildFile; fileRef = 557766D623758DEB004592F1 /* ButtonSceneModule.swift */; };
		557766DE23759173004592F1 /* BaseModuleProtocol.swift in Sources */ = {isa = PBXBuildFile; fileRef = 557766DD23759173004592F1 /* BaseModuleProtocol.swift */; };
		557766E023759213004592F1 /* ButtonSceneViewModel.swift in Sources */ = {isa = PBXBuildFile; fileRef = 557766DF23759213004592F1 /* ButtonSceneViewModel.swift */; };
		557933FD2350676400BFAA8E /* Coordinates.swift in Sources */ = {isa = PBXBuildFile; fileRef = 557933FC2350676400BFAA8E /* Coordinates.swift */; };
		5579340023507C3500BFAA8E /* MapPoint.swift in Sources */ = {isa = PBXBuildFile; fileRef = 557933FF23507C3500BFAA8E /* MapPoint.swift */; };
		557934022350A6EE00BFAA8E /* StartPoint.swift in Sources */ = {isa = PBXBuildFile; fileRef = 557934012350A6EE00BFAA8E /* StartPoint.swift */; };
		55AFFBB62356F7B40011273F /* GMUClusterManager.m in Sources */ = {isa = PBXBuildFile; fileRef = 55AFFB6D2356F7B40011273F /* GMUClusterManager.m */; };
		55AFFBB72356F7B40011273F /* GMUGridBasedClusterAlgorithm.m in Sources */ = {isa = PBXBuildFile; fileRef = 55AFFB712356F7B40011273F /* GMUGridBasedClusterAlgorithm.m */; };
		55AFFBB82356F7B40011273F /* GMUWrappingDictionaryKey.m in Sources */ = {isa = PBXBuildFile; fileRef = 55AFFB742356F7B40011273F /* GMUWrappingDictionaryKey.m */; };
		55AFFBB92356F7B40011273F /* GMUSimpleClusterAlgorithm.m in Sources */ = {isa = PBXBuildFile; fileRef = 55AFFB752356F7B40011273F /* GMUSimpleClusterAlgorithm.m */; };
		55AFFBBA2356F7B40011273F /* GMUNonHierarchicalDistanceBasedAlgorithm.m in Sources */ = {isa = PBXBuildFile; fileRef = 55AFFB772356F7B40011273F /* GMUNonHierarchicalDistanceBasedAlgorithm.m */; };
		55AFFBBB2356F7B40011273F /* GMUDefaultClusterRenderer.m in Sources */ = {isa = PBXBuildFile; fileRef = 55AFFB802356F7B40011273F /* GMUDefaultClusterRenderer.m */; };
		55AFFBBC2356F7B40011273F /* GMUDefaultClusterIconGenerator.m in Sources */ = {isa = PBXBuildFile; fileRef = 55AFFB822356F7B40011273F /* GMUDefaultClusterIconGenerator.m */; };
		55AFFBBD2356F7B40011273F /* GMUStaticCluster.m in Sources */ = {isa = PBXBuildFile; fileRef = 55AFFB852356F7B40011273F /* GMUStaticCluster.m */; };
		55AFFBBE2356F7B40011273F /* GMUWeightedLatLng.m in Sources */ = {isa = PBXBuildFile; fileRef = 55AFFB8A2356F7B40011273F /* GMUWeightedLatLng.m */; };
		55AFFBBF2356F7B40011273F /* GMUGradient.m in Sources */ = {isa = PBXBuildFile; fileRef = 55AFFB8D2356F7B40011273F /* GMUGradient.m */; };
		55AFFBC02356F7B40011273F /* GMUHeatmapTileLayer.m in Sources */ = {isa = PBXBuildFile; fileRef = 55AFFB8E2356F7B40011273F /* GMUHeatmapTileLayer.m */; };
		55AFFBC12356F7B40011273F /* GMUKMLParser.m in Sources */ = {isa = PBXBuildFile; fileRef = 55AFFB902356F7B40011273F /* GMUKMLParser.m */; };
		55AFFBC22356F7B40011273F /* GMUGeometryRenderer.m in Sources */ = {isa = PBXBuildFile; fileRef = 55AFFB912356F7B40011273F /* GMUGeometryRenderer.m */; };
		55AFFBC32356F7B40011273F /* GMUGeometryCollection.m in Sources */ = {isa = PBXBuildFile; fileRef = 55AFFB942356F7B40011273F /* GMUGeometryCollection.m */; };
		55AFFBC42356F7B40011273F /* GMUPlacemark.m in Sources */ = {isa = PBXBuildFile; fileRef = 55AFFB972356F7B40011273F /* GMUPlacemark.m */; };
		55AFFBC52356F7B40011273F /* GMUPolygon.m in Sources */ = {isa = PBXBuildFile; fileRef = 55AFFB982356F7B40011273F /* GMUPolygon.m */; };
		55AFFBC62356F7B40011273F /* GMUStyleMap.m in Sources */ = {isa = PBXBuildFile; fileRef = 55AFFB9B2356F7B40011273F /* GMUStyleMap.m */; };
		55AFFBC72356F7B40011273F /* GMUFeature.m in Sources */ = {isa = PBXBuildFile; fileRef = 55AFFB9C2356F7B40011273F /* GMUFeature.m */; };
		55AFFBC82356F7B40011273F /* GMUGroundOverlay.m in Sources */ = {isa = PBXBuildFile; fileRef = 55AFFB9E2356F7B40011273F /* GMUGroundOverlay.m */; };
		55AFFBC92356F7B40011273F /* GMUStyle.m in Sources */ = {isa = PBXBuildFile; fileRef = 55AFFB9F2356F7B40011273F /* GMUStyle.m */; };
		55AFFBCA2356F7B40011273F /* GMUPoint.m in Sources */ = {isa = PBXBuildFile; fileRef = 55AFFBA02356F7B40011273F /* GMUPoint.m */; };
		55AFFBCB2356F7B40011273F /* GMUPair.m in Sources */ = {isa = PBXBuildFile; fileRef = 55AFFBA32356F7B40011273F /* GMUPair.m */; };
		55AFFBCC2356F7B40011273F /* GMULineString.m in Sources */ = {isa = PBXBuildFile; fileRef = 55AFFBA82356F7B40011273F /* GMULineString.m */; };
		55AFFBCD2356F7B40011273F /* GMUGeoJSONParser.m in Sources */ = {isa = PBXBuildFile; fileRef = 55AFFBAC2356F7B40011273F /* GMUGeoJSONParser.m */; };
		55AFFBCE2356F7B40011273F /* GQTPointQuadTree.m in Sources */ = {isa = PBXBuildFile; fileRef = 55AFFBAF2356F7B40011273F /* GQTPointQuadTree.m */; };
		55AFFBCF2356F7B40011273F /* GQTPointQuadTreeChild.m in Sources */ = {isa = PBXBuildFile; fileRef = 55AFFBB12356F7B40011273F /* GQTPointQuadTreeChild.m */; };
		55B617D12372BCAD00AAC6BA /* Constants.swift in Sources */ = {isa = PBXBuildFile; fileRef = 55B617D02372BCAD00AAC6BA /* Constants.swift */; };
		55B617DA2372DB7100AAC6BA /* Routable.swift in Sources */ = {isa = PBXBuildFile; fileRef = 55B617D92372DB7100AAC6BA /* Routable.swift */; };
		55E63EA82350B6A2001882F8 /* MapZoom.swift in Sources */ = {isa = PBXBuildFile; fileRef = 55E63EA72350B6A2001882F8 /* MapZoom.swift */; };
		55E80737236C1D5700EFBA3D /* NetworkDataProvider.swift in Sources */ = {isa = PBXBuildFile; fileRef = 55E80736236C1D5700EFBA3D /* NetworkDataProvider.swift */; };
		55E80739236C497B00EFBA3D /* MapPointType.swift in Sources */ = {isa = PBXBuildFile; fileRef = 55E80738236C497B00EFBA3D /* MapPointType.swift */; };
		55E8073B236C4B9800EFBA3D /* ClusterConfiguratorDataSource.swift in Sources */ = {isa = PBXBuildFile; fileRef = 55E8073A236C4B9800EFBA3D /* ClusterConfiguratorDataSource.swift */; };
		55E8073D236C4D2C00EFBA3D /* MapPointTypeProtocol.swift in Sources */ = {isa = PBXBuildFile; fileRef = 55E8073C236C4D2C00EFBA3D /* MapPointTypeProtocol.swift */; };
		83D362FD4235044B907BCA17 /* Pods_GoogleMapsTestApp.framework in Frameworks */ = {isa = PBXBuildFile; fileRef = BE1C6788AA2A50E7DE79A2A5 /* Pods_GoogleMapsTestApp.framework */; };
/* End PBXBuildFile section */

/* Begin PBXFileReference section */
		5502F73B23794DF6001003C9 /* Launcher.swift */ = {isa = PBXFileReference; lastKnownFileType = sourcecode.swift; path = Launcher.swift; sourceTree = "<group>"; };
		5502F73D23797FC9001003C9 /* UIViewControllerExtensions.swift */ = {isa = PBXFileReference; lastKnownFileType = sourcecode.swift; name = UIViewControllerExtensions.swift; path = GoogleMapsTestApp/UIViewControllerExtensions.swift; sourceTree = SOURCE_ROOT; };
		552A5306234F4DCF0056A6BD /* APIKey.swift */ = {isa = PBXFileReference; lastKnownFileType = sourcecode.swift; path = APIKey.swift; sourceTree = "<group>"; };
		552A532B234F54320056A6BD /* GMUMarkerClustering.h */ = {isa = PBXFileReference; fileEncoding = 4; lastKnownFileType = sourcecode.c.h; name = GMUMarkerClustering.h; path = ../GMUMarkerClustering.h; sourceTree = "<group>"; };
		552A536D234F55060056A6BD /* GoogleMapsTestApp-Bridging-Header.h */ = {isa = PBXFileReference; lastKnownFileType = sourcecode.c.h; path = "GoogleMapsTestApp-Bridging-Header.h"; sourceTree = "<group>"; };
		554CC8B6234F702B00E95117 /* MapItem.swift */ = {isa = PBXFileReference; lastKnownFileType = sourcecode.swift; path = MapItem.swift; sourceTree = "<group>"; };
		5550952E236AFEC6009EB330 /* ButtonViewController.swift */ = {isa = PBXFileReference; lastKnownFileType = sourcecode.swift; path = ButtonViewController.swift; sourceTree = "<group>"; };
		55509531236B075F009EB330 /* MapViewController.swift */ = {isa = PBXFileReference; lastKnownFileType = sourcecode.swift; path = MapViewController.swift; sourceTree = "<group>"; };
		55509533236B07F0009EB330 /* MapViewControllerViewModel.swift */ = {isa = PBXFileReference; lastKnownFileType = sourcecode.swift; path = MapViewControllerViewModel.swift; sourceTree = "<group>"; };
		55509536236B0923009EB330 /* GoogleMapViewController.swift */ = {isa = PBXFileReference; lastKnownFileType = sourcecode.swift; path = GoogleMapViewController.swift; sourceTree = "<group>"; };
		5551092F23575218000B8AE1 /* MarkerCategory.swift */ = {isa = PBXFileReference; lastKnownFileType = sourcecode.swift; path = MarkerCategory.swift; sourceTree = "<group>"; };
		5553427523719629004558A4 /* ClusterConfigurator.swift */ = {isa = PBXFileReference; lastKnownFileType = sourcecode.swift; path = ClusterConfigurator.swift; sourceTree = "<group>"; };
		555342772371998C004558A4 /* ClusterManagerConfigurator.swift */ = {isa = PBXFileReference; lastKnownFileType = sourcecode.swift; path = ClusterManagerConfigurator.swift; sourceTree = "<group>"; };
		5553427923719AE1004558A4 /* ClusterAlgorithms.swift */ = {isa = PBXFileReference; lastKnownFileType = sourcecode.swift; path = ClusterAlgorithms.swift; sourceTree = "<group>"; };
		555C0097234F3E34000E2496 /* GoogleMapsTestApp.app */ = {isa = PBXFileReference; explicitFileType = wrapper.application; includeInIndex = 0; path = GoogleMapsTestApp.app; sourceTree = BUILT_PRODUCTS_DIR; };
		555C009A234F3E34000E2496 /* AppDelegate.swift */ = {isa = PBXFileReference; lastKnownFileType = sourcecode.swift; path = AppDelegate.swift; sourceTree = "<group>"; };
		555C009C234F3E34000E2496 /* SceneDelegate.swift */ = {isa = PBXFileReference; lastKnownFileType = sourcecode.swift; path = SceneDelegate.swift; sourceTree = "<group>"; };
		555C009E234F3E34000E2496 /* GoogleMapsViewController.swift */ = {isa = PBXFileReference; lastKnownFileType = sourcecode.swift; path = GoogleMapsViewController.swift; sourceTree = "<group>"; };
		555C00A1234F3E34000E2496 /* Base */ = {isa = PBXFileReference; lastKnownFileType = file.storyboard; name = Base; path = Base.lproj/Main.storyboard; sourceTree = "<group>"; };
		555C00A3234F3E35000E2496 /* Assets.xcassets */ = {isa = PBXFileReference; lastKnownFileType = folder.assetcatalog; path = Assets.xcassets; sourceTree = "<group>"; };
		555C00A6234F3E35000E2496 /* Base */ = {isa = PBXFileReference; lastKnownFileType = file.storyboard; name = Base; path = Base.lproj/LaunchScreen.storyboard; sourceTree = "<group>"; };
		555C00A8234F3E35000E2496 /* Info.plist */ = {isa = PBXFileReference; lastKnownFileType = text.plist.xml; path = Info.plist; sourceTree = "<group>"; };
		5565FA1A2374376A00ED769A /* ClusterConfiguratorParameters.swift */ = {isa = PBXFileReference; lastKnownFileType = sourcecode.swift; path = ClusterConfiguratorParameters.swift; sourceTree = "<group>"; };
		5565FA1C23743A2B00ED769A /* DataForClusterConfigurator.swift */ = {isa = PBXFileReference; lastKnownFileType = sourcecode.swift; path = DataForClusterConfigurator.swift; sourceTree = "<group>"; };
		556B9CA4235DA92C00AB713B /* MoyaService.swift */ = {isa = PBXFileReference; lastKnownFileType = sourcecode.swift; path = MoyaService.swift; sourceTree = "<group>"; };
		556B9CA7235DCB9500AB713B /* NetworkManager.swift */ = {isa = PBXFileReference; lastKnownFileType = sourcecode.swift; path = NetworkManager.swift; sourceTree = "<group>"; };
		556B9CAA235DCCEF00AB713B /* Geodata.swift */ = {isa = PBXFileReference; lastKnownFileType = sourcecode.swift; path = Geodata.swift; sourceTree = "<group>"; };
		5575845E2366CA11008A3841 /* GoogleMapsViewModel.swift */ = {isa = PBXFileReference; lastKnownFileType = sourcecode.swift; path = GoogleMapsViewModel.swift; sourceTree = "<group>"; };
		557766CB23755ECF004592F1 /* ButtonRouterPorotocol.swift */ = {isa = PBXFileReference; lastKnownFileType = sourcecode.swift; path = ButtonRouterPorotocol.swift; sourceTree = "<group>"; };
		557766CD23755EFD004592F1 /* ButtonRouter.swift */ = {isa = PBXFileReference; lastKnownFileType = sourcecode.swift; path = ButtonRouter.swift; sourceTree = "<group>"; };
		557766CF237579AF004592F1 /* GoogleMapsModule.swift */ = {isa = PBXFileReference; lastKnownFileType = sourcecode.swift; path = GoogleMapsModule.swift; sourceTree = "<group>"; };
		557766D623758DEB004592F1 /* ButtonSceneModule.swift */ = {isa = PBXFileReference; lastKnownFileType = sourcecode.swift; path = ButtonSceneModule.swift; sourceTree = "<group>"; };
		557766DD23759173004592F1 /* BaseModuleProtocol.swift */ = {isa = PBXFileReference; lastKnownFileType = sourcecode.swift; path = BaseModuleProtocol.swift; sourceTree = "<group>"; };
		557766DF23759213004592F1 /* ButtonSceneViewModel.swift */ = {isa = PBXFileReference; lastKnownFileType = sourcecode.swift; path = ButtonSceneViewModel.swift; sourceTree = "<group>"; };
		557933FC2350676400BFAA8E /* Coordinates.swift */ = {isa = PBXFileReference; lastKnownFileType = sourcecode.swift; path = Coordinates.swift; sourceTree = "<group>"; };
		557933FF23507C3500BFAA8E /* MapPoint.swift */ = {isa = PBXFileReference; lastKnownFileType = sourcecode.swift; path = MapPoint.swift; sourceTree = "<group>"; };
		557934012350A6EE00BFAA8E /* StartPoint.swift */ = {isa = PBXFileReference; lastKnownFileType = sourcecode.swift; path = StartPoint.swift; sourceTree = "<group>"; };
		55AFFB6D2356F7B40011273F /* GMUClusterManager.m */ = {isa = PBXFileReference; fileEncoding = 4; lastKnownFileType = sourcecode.c.objc; path = GMUClusterManager.m; sourceTree = "<group>"; };
		55AFFB6E2356F7B40011273F /* GMUStaticCluster.h */ = {isa = PBXFileReference; fileEncoding = 4; lastKnownFileType = sourcecode.c.h; path = GMUStaticCluster.h; sourceTree = "<group>"; };
		55AFFB712356F7B40011273F /* GMUGridBasedClusterAlgorithm.m */ = {isa = PBXFileReference; fileEncoding = 4; lastKnownFileType = sourcecode.c.objc; path = GMUGridBasedClusterAlgorithm.m; sourceTree = "<group>"; };
		55AFFB722356F7B40011273F /* GMUClusterAlgorithm.h */ = {isa = PBXFileReference; fileEncoding = 4; lastKnownFileType = sourcecode.c.h; path = GMUClusterAlgorithm.h; sourceTree = "<group>"; };
		55AFFB732356F7B40011273F /* GMUNonHierarchicalDistanceBasedAlgorithm.h */ = {isa = PBXFileReference; fileEncoding = 4; lastKnownFileType = sourcecode.c.h; path = GMUNonHierarchicalDistanceBasedAlgorithm.h; sourceTree = "<group>"; };
		55AFFB742356F7B40011273F /* GMUWrappingDictionaryKey.m */ = {isa = PBXFileReference; fileEncoding = 4; lastKnownFileType = sourcecode.c.objc; path = GMUWrappingDictionaryKey.m; sourceTree = "<group>"; };
		55AFFB752356F7B40011273F /* GMUSimpleClusterAlgorithm.m */ = {isa = PBXFileReference; fileEncoding = 4; lastKnownFileType = sourcecode.c.objc; path = GMUSimpleClusterAlgorithm.m; sourceTree = "<group>"; };
		55AFFB762356F7B40011273F /* GMUGridBasedClusterAlgorithm.h */ = {isa = PBXFileReference; fileEncoding = 4; lastKnownFileType = sourcecode.c.h; path = GMUGridBasedClusterAlgorithm.h; sourceTree = "<group>"; };
		55AFFB772356F7B40011273F /* GMUNonHierarchicalDistanceBasedAlgorithm.m */ = {isa = PBXFileReference; fileEncoding = 4; lastKnownFileType = sourcecode.c.objc; path = GMUNonHierarchicalDistanceBasedAlgorithm.m; sourceTree = "<group>"; };
		55AFFB782356F7B40011273F /* GMUSimpleClusterAlgorithm.h */ = {isa = PBXFileReference; fileEncoding = 4; lastKnownFileType = sourcecode.c.h; path = GMUSimpleClusterAlgorithm.h; sourceTree = "<group>"; };
		55AFFB792356F7B40011273F /* GMUWrappingDictionaryKey.h */ = {isa = PBXFileReference; fileEncoding = 4; lastKnownFileType = sourcecode.c.h; path = GMUWrappingDictionaryKey.h; sourceTree = "<group>"; };
		55AFFB7A2356F7B40011273F /* GMUClusterManager.h */ = {isa = PBXFileReference; fileEncoding = 4; lastKnownFileType = sourcecode.c.h; path = GMUClusterManager.h; sourceTree = "<group>"; };
		55AFFB7B2356F7B40011273F /* GMUClusterManager+Testing.h */ = {isa = PBXFileReference; fileEncoding = 4; lastKnownFileType = sourcecode.c.h; path = "GMUClusterManager+Testing.h"; sourceTree = "<group>"; };
		55AFFB7D2356F7B40011273F /* GMUClusterIconGenerator.h */ = {isa = PBXFileReference; fileEncoding = 4; lastKnownFileType = sourcecode.c.h; path = GMUClusterIconGenerator.h; sourceTree = "<group>"; };
		55AFFB7E2356F7B40011273F /* GMUClusterRenderer.h */ = {isa = PBXFileReference; fileEncoding = 4; lastKnownFileType = sourcecode.c.h; path = GMUClusterRenderer.h; sourceTree = "<group>"; };
		55AFFB7F2356F7B40011273F /* GMUDefaultClusterRenderer+Testing.h */ = {isa = PBXFileReference; fileEncoding = 4; lastKnownFileType = sourcecode.c.h; path = "GMUDefaultClusterRenderer+Testing.h"; sourceTree = "<group>"; };
		55AFFB802356F7B40011273F /* GMUDefaultClusterRenderer.m */ = {isa = PBXFileReference; fileEncoding = 4; lastKnownFileType = sourcecode.c.objc; path = GMUDefaultClusterRenderer.m; sourceTree = "<group>"; };
		55AFFB812356F7B40011273F /* GMUDefaultClusterIconGenerator.h */ = {isa = PBXFileReference; fileEncoding = 4; lastKnownFileType = sourcecode.c.h; path = GMUDefaultClusterIconGenerator.h; sourceTree = "<group>"; };
		55AFFB822356F7B40011273F /* GMUDefaultClusterIconGenerator.m */ = {isa = PBXFileReference; fileEncoding = 4; lastKnownFileType = sourcecode.c.objc; path = GMUDefaultClusterIconGenerator.m; sourceTree = "<group>"; };
		55AFFB832356F7B40011273F /* GMUDefaultClusterRenderer.h */ = {isa = PBXFileReference; fileEncoding = 4; lastKnownFileType = sourcecode.c.h; path = GMUDefaultClusterRenderer.h; sourceTree = "<group>"; };
		55AFFB842356F7B40011273F /* GMUDefaultClusterIconGenerator+Testing.h */ = {isa = PBXFileReference; fileEncoding = 4; lastKnownFileType = sourcecode.c.h; path = "GMUDefaultClusterIconGenerator+Testing.h"; sourceTree = "<group>"; };
		55AFFB852356F7B40011273F /* GMUStaticCluster.m */ = {isa = PBXFileReference; fileEncoding = 4; lastKnownFileType = sourcecode.c.objc; path = GMUStaticCluster.m; sourceTree = "<group>"; };
		55AFFB862356F7B40011273F /* GMUCluster.h */ = {isa = PBXFileReference; fileEncoding = 4; lastKnownFileType = sourcecode.c.h; path = GMUCluster.h; sourceTree = "<group>"; };
		55AFFB872356F7B40011273F /* GMUClusterItem.h */ = {isa = PBXFileReference; fileEncoding = 4; lastKnownFileType = sourcecode.c.h; path = GMUClusterItem.h; sourceTree = "<group>"; };
		55AFFB892356F7B40011273F /* GMUGradient.h */ = {isa = PBXFileReference; fileEncoding = 4; lastKnownFileType = sourcecode.c.h; path = GMUGradient.h; sourceTree = "<group>"; };
		55AFFB8A2356F7B40011273F /* GMUWeightedLatLng.m */ = {isa = PBXFileReference; fileEncoding = 4; lastKnownFileType = sourcecode.c.objc; path = GMUWeightedLatLng.m; sourceTree = "<group>"; };
		55AFFB8B2356F7B40011273F /* GMUHeatmapTileLayer.h */ = {isa = PBXFileReference; fileEncoding = 4; lastKnownFileType = sourcecode.c.h; path = GMUHeatmapTileLayer.h; sourceTree = "<group>"; };
		55AFFB8C2356F7B40011273F /* GMUWeightedLatLng.h */ = {isa = PBXFileReference; fileEncoding = 4; lastKnownFileType = sourcecode.c.h; path = GMUWeightedLatLng.h; sourceTree = "<group>"; };
		55AFFB8D2356F7B40011273F /* GMUGradient.m */ = {isa = PBXFileReference; fileEncoding = 4; lastKnownFileType = sourcecode.c.objc; path = GMUGradient.m; sourceTree = "<group>"; };
		55AFFB8E2356F7B40011273F /* GMUHeatmapTileLayer.m */ = {isa = PBXFileReference; fileEncoding = 4; lastKnownFileType = sourcecode.c.objc; path = GMUHeatmapTileLayer.m; sourceTree = "<group>"; };
		55AFFB902356F7B40011273F /* GMUKMLParser.m */ = {isa = PBXFileReference; fileEncoding = 4; lastKnownFileType = sourcecode.c.objc; path = GMUKMLParser.m; sourceTree = "<group>"; };
		55AFFB912356F7B40011273F /* GMUGeometryRenderer.m */ = {isa = PBXFileReference; fileEncoding = 4; lastKnownFileType = sourcecode.c.objc; path = GMUGeometryRenderer.m; sourceTree = "<group>"; };
		55AFFB922356F7B40011273F /* GMUGeoJSONParser.h */ = {isa = PBXFileReference; fileEncoding = 4; lastKnownFileType = sourcecode.c.h; path = GMUGeoJSONParser.h; sourceTree = "<group>"; };
		55AFFB942356F7B40011273F /* GMUGeometryCollection.m */ = {isa = PBXFileReference; fileEncoding = 4; lastKnownFileType = sourcecode.c.objc; path = GMUGeometryCollection.m; sourceTree = "<group>"; };
		55AFFB952356F7B40011273F /* GMUPoint.h */ = {isa = PBXFileReference; fileEncoding = 4; lastKnownFileType = sourcecode.c.h; path = GMUPoint.h; sourceTree = "<group>"; };
		55AFFB962356F7B40011273F /* GMUStyle.h */ = {isa = PBXFileReference; fileEncoding = 4; lastKnownFileType = sourcecode.c.h; path = GMUStyle.h; sourceTree = "<group>"; };
		55AFFB972356F7B40011273F /* GMUPlacemark.m */ = {isa = PBXFileReference; fileEncoding = 4; lastKnownFileType = sourcecode.c.objc; path = GMUPlacemark.m; sourceTree = "<group>"; };
		55AFFB982356F7B40011273F /* GMUPolygon.m */ = {isa = PBXFileReference; fileEncoding = 4; lastKnownFileType = sourcecode.c.objc; path = GMUPolygon.m; sourceTree = "<group>"; };
		55AFFB992356F7B40011273F /* GMUPair.h */ = {isa = PBXFileReference; fileEncoding = 4; lastKnownFileType = sourcecode.c.h; path = GMUPair.h; sourceTree = "<group>"; };
		55AFFB9A2356F7B40011273F /* GMUGeometryContainer.h */ = {isa = PBXFileReference; fileEncoding = 4; lastKnownFileType = sourcecode.c.h; path = GMUGeometryContainer.h; sourceTree = "<group>"; };
		55AFFB9B2356F7B40011273F /* GMUStyleMap.m */ = {isa = PBXFileReference; fileEncoding = 4; lastKnownFileType = sourcecode.c.objc; path = GMUStyleMap.m; sourceTree = "<group>"; };
		55AFFB9C2356F7B40011273F /* GMUFeature.m */ = {isa = PBXFileReference; fileEncoding = 4; lastKnownFileType = sourcecode.c.objc; path = GMUFeature.m; sourceTree = "<group>"; };
		55AFFB9D2356F7B40011273F /* GMULineString.h */ = {isa = PBXFileReference; fileEncoding = 4; lastKnownFileType = sourcecode.c.h; path = GMULineString.h; sourceTree = "<group>"; };
		55AFFB9E2356F7B40011273F /* GMUGroundOverlay.m */ = {isa = PBXFileReference; fileEncoding = 4; lastKnownFileType = sourcecode.c.objc; path = GMUGroundOverlay.m; sourceTree = "<group>"; };
		55AFFB9F2356F7B40011273F /* GMUStyle.m */ = {isa = PBXFileReference; fileEncoding = 4; lastKnownFileType = sourcecode.c.objc; path = GMUStyle.m; sourceTree = "<group>"; };
		55AFFBA02356F7B40011273F /* GMUPoint.m */ = {isa = PBXFileReference; fileEncoding = 4; lastKnownFileType = sourcecode.c.objc; path = GMUPoint.m; sourceTree = "<group>"; };
		55AFFBA12356F7B40011273F /* GMUGeometry.h */ = {isa = PBXFileReference; fileEncoding = 4; lastKnownFileType = sourcecode.c.h; path = GMUGeometry.h; sourceTree = "<group>"; };
		55AFFBA22356F7B40011273F /* GMUGeometryCollection.h */ = {isa = PBXFileReference; fileEncoding = 4; lastKnownFileType = sourcecode.c.h; path = GMUGeometryCollection.h; sourceTree = "<group>"; };
		55AFFBA32356F7B40011273F /* GMUPair.m */ = {isa = PBXFileReference; fileEncoding = 4; lastKnownFileType = sourcecode.c.objc; path = GMUPair.m; sourceTree = "<group>"; };
		55AFFBA42356F7B40011273F /* GMUPolygon.h */ = {isa = PBXFileReference; fileEncoding = 4; lastKnownFileType = sourcecode.c.h; path = GMUPolygon.h; sourceTree = "<group>"; };
		55AFFBA52356F7B40011273F /* GMUPlacemark.h */ = {isa = PBXFileReference; fileEncoding = 4; lastKnownFileType = sourcecode.c.h; path = GMUPlacemark.h; sourceTree = "<group>"; };
		55AFFBA62356F7B40011273F /* GMUStyleMap.h */ = {isa = PBXFileReference; fileEncoding = 4; lastKnownFileType = sourcecode.c.h; path = GMUStyleMap.h; sourceTree = "<group>"; };
		55AFFBA72356F7B40011273F /* GMUGroundOverlay.h */ = {isa = PBXFileReference; fileEncoding = 4; lastKnownFileType = sourcecode.c.h; path = GMUGroundOverlay.h; sourceTree = "<group>"; };
		55AFFBA82356F7B40011273F /* GMULineString.m */ = {isa = PBXFileReference; fileEncoding = 4; lastKnownFileType = sourcecode.c.objc; path = GMULineString.m; sourceTree = "<group>"; };
		55AFFBA92356F7B40011273F /* GMUFeature.h */ = {isa = PBXFileReference; fileEncoding = 4; lastKnownFileType = sourcecode.c.h; path = GMUFeature.h; sourceTree = "<group>"; };
		55AFFBAA2356F7B40011273F /* GMUKMLParser.h */ = {isa = PBXFileReference; fileEncoding = 4; lastKnownFileType = sourcecode.c.h; path = GMUKMLParser.h; sourceTree = "<group>"; };
		55AFFBAB2356F7B40011273F /* GMUGeometryRenderer+Testing.h */ = {isa = PBXFileReference; fileEncoding = 4; lastKnownFileType = sourcecode.c.h; path = "GMUGeometryRenderer+Testing.h"; sourceTree = "<group>"; };
		55AFFBAC2356F7B40011273F /* GMUGeoJSONParser.m */ = {isa = PBXFileReference; fileEncoding = 4; lastKnownFileType = sourcecode.c.objc; path = GMUGeoJSONParser.m; sourceTree = "<group>"; };
		55AFFBAD2356F7B40011273F /* GMUGeometryRenderer.h */ = {isa = PBXFileReference; fileEncoding = 4; lastKnownFileType = sourcecode.c.h; path = GMUGeometryRenderer.h; sourceTree = "<group>"; };
		55AFFBAF2356F7B40011273F /* GQTPointQuadTree.m */ = {isa = PBXFileReference; fileEncoding = 4; lastKnownFileType = sourcecode.c.objc; path = GQTPointQuadTree.m; sourceTree = "<group>"; };
		55AFFBB02356F7B40011273F /* GQTPointQuadTreeItem.h */ = {isa = PBXFileReference; fileEncoding = 4; lastKnownFileType = sourcecode.c.h; path = GQTPointQuadTreeItem.h; sourceTree = "<group>"; };
		55AFFBB12356F7B40011273F /* GQTPointQuadTreeChild.m */ = {isa = PBXFileReference; fileEncoding = 4; lastKnownFileType = sourcecode.c.objc; path = GQTPointQuadTreeChild.m; sourceTree = "<group>"; };
		55AFFBB22356F7B40011273F /* GQTPoint.h */ = {isa = PBXFileReference; fileEncoding = 4; lastKnownFileType = sourcecode.c.h; path = GQTPoint.h; sourceTree = "<group>"; };
		55AFFBB32356F7B40011273F /* GQTPointQuadTree.h */ = {isa = PBXFileReference; fileEncoding = 4; lastKnownFileType = sourcecode.c.h; path = GQTPointQuadTree.h; sourceTree = "<group>"; };
		55AFFBB42356F7B40011273F /* GQTPointQuadTreeChild.h */ = {isa = PBXFileReference; fileEncoding = 4; lastKnownFileType = sourcecode.c.h; path = GQTPointQuadTreeChild.h; sourceTree = "<group>"; };
		55AFFBB52356F7B40011273F /* GQTBounds.h */ = {isa = PBXFileReference; fileEncoding = 4; lastKnownFileType = sourcecode.c.h; path = GQTBounds.h; sourceTree = "<group>"; };
		55B617D02372BCAD00AAC6BA /* Constants.swift */ = {isa = PBXFileReference; lastKnownFileType = sourcecode.swift; path = Constants.swift; sourceTree = "<group>"; };
		55B617D92372DB7100AAC6BA /* Routable.swift */ = {isa = PBXFileReference; lastKnownFileType = sourcecode.swift; path = Routable.swift; sourceTree = "<group>"; };
		55E63EA72350B6A2001882F8 /* MapZoom.swift */ = {isa = PBXFileReference; lastKnownFileType = sourcecode.swift; path = MapZoom.swift; sourceTree = "<group>"; };
		55E80736236C1D5700EFBA3D /* NetworkDataProvider.swift */ = {isa = PBXFileReference; lastKnownFileType = sourcecode.swift; path = NetworkDataProvider.swift; sourceTree = "<group>"; };
		55E80738236C497B00EFBA3D /* MapPointType.swift */ = {isa = PBXFileReference; lastKnownFileType = sourcecode.swift; path = MapPointType.swift; sourceTree = "<group>"; };
		55E8073A236C4B9800EFBA3D /* ClusterConfiguratorDataSource.swift */ = {isa = PBXFileReference; lastKnownFileType = sourcecode.swift; path = ClusterConfiguratorDataSource.swift; sourceTree = "<group>"; };
		55E8073C236C4D2C00EFBA3D /* MapPointTypeProtocol.swift */ = {isa = PBXFileReference; lastKnownFileType = sourcecode.swift; path = MapPointTypeProtocol.swift; sourceTree = "<group>"; };
		BE1C6788AA2A50E7DE79A2A5 /* Pods_GoogleMapsTestApp.framework */ = {isa = PBXFileReference; explicitFileType = wrapper.framework; includeInIndex = 0; path = Pods_GoogleMapsTestApp.framework; sourceTree = BUILT_PRODUCTS_DIR; };
		E3A471C461DB421CB3CA01B3 /* Pods-GoogleMapsTestApp.debug.xcconfig */ = {isa = PBXFileReference; includeInIndex = 1; lastKnownFileType = text.xcconfig; name = "Pods-GoogleMapsTestApp.debug.xcconfig"; path = "Target Support Files/Pods-GoogleMapsTestApp/Pods-GoogleMapsTestApp.debug.xcconfig"; sourceTree = "<group>"; };
		EAA6FBF6FD5838CF85A4F54A /* Pods-GoogleMapsTestApp.release.xcconfig */ = {isa = PBXFileReference; includeInIndex = 1; lastKnownFileType = text.xcconfig; name = "Pods-GoogleMapsTestApp.release.xcconfig"; path = "Target Support Files/Pods-GoogleMapsTestApp/Pods-GoogleMapsTestApp.release.xcconfig"; sourceTree = "<group>"; };
/* End PBXFileReference section */

/* Begin PBXFrameworksBuildPhase section */
		555C0094234F3E34000E2496 /* Frameworks */ = {
			isa = PBXFrameworksBuildPhase;
			buildActionMask = 2147483647;
			files = (
				83D362FD4235044B907BCA17 /* Pods_GoogleMapsTestApp.framework in Frameworks */,
			);
			runOnlyForDeploymentPostprocessing = 0;
		};
/* End PBXFrameworksBuildPhase section */

/* Begin PBXGroup section */
		552A5308234F53780056A6BD /* Google-Maps-iOS-Utils */ = {
			isa = PBXGroup;
			children = (
				55AFFB6C2356F7B40011273F /* Clustering */,
				55AFFB882356F7B40011273F /* Heatmap */,
				55AFFB8F2356F7B40011273F /* Geometry */,
				55AFFBAE2356F7B40011273F /* QuadTree */,
				552A536D234F55060056A6BD /* GoogleMapsTestApp-Bridging-Header.h */,
			);
			path = "Google-Maps-iOS-Utils";
			sourceTree = "<group>";
		};
		554CC8B5234F700E00E95117 /* MapItem */ = {
			isa = PBXGroup;
			children = (
				554CC8B6234F702B00E95117 /* MapItem.swift */,
			);
			path = MapItem;
			sourceTree = "<group>";
		};
		55509530236B071F009EB330 /* Protocols */ = {
			isa = PBXGroup;
			children = (
				55509531236B075F009EB330 /* MapViewController.swift */,
				55509533236B07F0009EB330 /* MapViewControllerViewModel.swift */,
				55E80736236C1D5700EFBA3D /* NetworkDataProvider.swift */,
				55E8073A236C4B9800EFBA3D /* ClusterConfiguratorDataSource.swift */,
				55E8073C236C4D2C00EFBA3D /* MapPointTypeProtocol.swift */,
				5553427523719629004558A4 /* ClusterConfigurator.swift */,
				55B617D92372DB7100AAC6BA /* Routable.swift */,
				5565FA1A2374376A00ED769A /* ClusterConfiguratorParameters.swift */,
				557766DD23759173004592F1 /* BaseModuleProtocol.swift */,
			);
			path = Protocols;
			sourceTree = "<group>";
		};
		55509535236B0895009EB330 /* TypeAliases */ = {
			isa = PBXGroup;
			children = (
				55509536236B0923009EB330 /* GoogleMapViewController.swift */,
				55E80738236C497B00EFBA3D /* MapPointType.swift */,
			);
			path = TypeAliases;
			sourceTree = "<group>";
		};
		555C008E234F3E34000E2496 = {
			isa = PBXGroup;
			children = (
				552A5308234F53780056A6BD /* Google-Maps-iOS-Utils */,
				555C0099234F3E34000E2496 /* GoogleMapsTestApp */,
				555C0098234F3E34000E2496 /* Products */,
				7FBCBD39EB05E03D807B3EE5 /* Pods */,
				F4DA98C3572E4F70D0E64142 /* Frameworks */,
			);
			sourceTree = "<group>";
		};
		555C0098234F3E34000E2496 /* Products */ = {
			isa = PBXGroup;
			children = (
				555C0097234F3E34000E2496 /* GoogleMapsTestApp.app */,
			);
			name = Products;
			sourceTree = "<group>";
		};
		555C0099234F3E34000E2496 /* GoogleMapsTestApp */ = {
			isa = PBXGroup;
			children = (
				5561BCD0237AD91E00073CF1 /* Reusables */,
				556B9CAC235DEA3400AB713B /* Extensions */,
				557766D5237581D3004592F1 /* Scenes */,
				55509535236B0895009EB330 /* TypeAliases */,
				55509530236B071F009EB330 /* Protocols */,
				55E63EA62350B688001882F8 /* Enums */,
				557933FB2350675100BFAA8E /* MockData */,
				555C009A234F3E34000E2496 /* AppDelegate.swift */,
				555C009C234F3E34000E2496 /* SceneDelegate.swift */,
				555C00A0234F3E34000E2496 /* Main.storyboard */,
				555C00A3234F3E35000E2496 /* Assets.xcassets */,
				555C00A5234F3E35000E2496 /* LaunchScreen.storyboard */,
				555C00A8234F3E35000E2496 /* Info.plist */,
				552A5306234F4DCF0056A6BD /* APIKey.swift */,
				5502F73B23794DF6001003C9 /* Launcher.swift */,
			);
			path = GoogleMapsTestApp;
			sourceTree = "<group>";
		};
		5561BCD0237AD91E00073CF1 /* Reusables */ = {
			isa = PBXGroup;
			children = (
				557933FE23507C1C00BFAA8E /* Struct */,
				554CC8B5234F700E00E95117 /* MapItem */,
				556B9CA3235DA90A00AB713B /* MoyaService */,
				556B9CA6235DCB7200AB713B /* Networking */,
				557933F8235063B500BFAA8E /* ClusterConfigurator */,
			);
			path = Reusables;
			sourceTree = "<group>";
		};
		556B9CA3235DA90A00AB713B /* MoyaService */ = {
			isa = PBXGroup;
			children = (
				556B9CA4235DA92C00AB713B /* MoyaService.swift */,
			);
			path = MoyaService;
			sourceTree = "<group>";
		};
		556B9CA6235DCB7200AB713B /* Networking */ = {
			isa = PBXGroup;
			children = (
				556B9CA7235DCB9500AB713B /* NetworkManager.swift */,
			);
			path = Networking;
			sourceTree = "<group>";
		};
		556B9CAC235DEA3400AB713B /* Extensions */ = {
			isa = PBXGroup;
			children = (
				5502F73D23797FC9001003C9 /* UIViewControllerExtensions.swift */,
			);
			path = Extensions;
			sourceTree = "<group>";
		};
		557766C723755E91004592F1 /* Maps */ = {
			isa = PBXGroup;
			children = (
				557766CA23755EB7004592F1 /* View */,
				557766C923755EAE004592F1 /* ViewModel */,
				557766CF237579AF004592F1 /* GoogleMapsModule.swift */,
			);
			path = Maps;
			sourceTree = "<group>";
		};
		557766C823755EA5004592F1 /* Router */ = {
			isa = PBXGroup;
			children = (
				557766CB23755ECF004592F1 /* ButtonRouterPorotocol.swift */,
				557766CD23755EFD004592F1 /* ButtonRouter.swift */,
			);
			path = Router;
			sourceTree = "<group>";
		};
		557766C923755EAE004592F1 /* ViewModel */ = {
			isa = PBXGroup;
			children = (
				5575845E2366CA11008A3841 /* GoogleMapsViewModel.swift */,
			);
			path = ViewModel;
			sourceTree = "<group>";
		};
		557766CA23755EB7004592F1 /* View */ = {
			isa = PBXGroup;
			children = (
				555C009E234F3E34000E2496 /* GoogleMapsViewController.swift */,
			);
			path = View;
			sourceTree = "<group>";
		};
		557766D123757EC6004592F1 /* Buttons */ = {
			isa = PBXGroup;
			children = (
				557766D223757ED7004592F1 /* View */,
				557766D323757EE2004592F1 /* ViewModel */,
				557766C823755EA5004592F1 /* Router */,
				557766D623758DEB004592F1 /* ButtonSceneModule.swift */,
			);
			path = Buttons;
			sourceTree = "<group>";
		};
		557766D223757ED7004592F1 /* View */ = {
			isa = PBXGroup;
			children = (
				5550952E236AFEC6009EB330 /* ButtonViewController.swift */,
			);
			path = View;
			sourceTree = "<group>";
		};
		557766D323757EE2004592F1 /* ViewModel */ = {
			isa = PBXGroup;
			children = (
				557766DF23759213004592F1 /* ButtonSceneViewModel.swift */,
			);
			path = ViewModel;
			sourceTree = "<group>";
		};
		557766D5237581D3004592F1 /* Scenes */ = {
			isa = PBXGroup;
			children = (
				557766D123757EC6004592F1 /* Buttons */,
				557766C723755E91004592F1 /* Maps */,
			);
			path = Scenes;
			sourceTree = "<group>";
		};
		557933F8235063B500BFAA8E /* ClusterConfigurator */ = {
			isa = PBXGroup;
			children = (
				555342772371998C004558A4 /* ClusterManagerConfigurator.swift */,
			);
			path = ClusterConfigurator;
			sourceTree = "<group>";
		};
		557933FB2350675100BFAA8E /* MockData */ = {
			isa = PBXGroup;
			children = (
				557933FC2350676400BFAA8E /* Coordinates.swift */,
			);
			path = MockData;
			sourceTree = "<group>";
		};
		557933FE23507C1C00BFAA8E /* Struct */ = {
			isa = PBXGroup;
			children = (
				557933FF23507C3500BFAA8E /* MapPoint.swift */,
				557934012350A6EE00BFAA8E /* StartPoint.swift */,
				556B9CAA235DCCEF00AB713B /* Geodata.swift */,
				55B617D02372BCAD00AAC6BA /* Constants.swift */,
				5565FA1C23743A2B00ED769A /* DataForClusterConfigurator.swift */,
			);
			path = Struct;
			sourceTree = "<group>";
		};
		55AFFB6C2356F7B40011273F /* Clustering */ = {
			isa = PBXGroup;
			children = (
				55AFFB6D2356F7B40011273F /* GMUClusterManager.m */,
				55AFFB6E2356F7B40011273F /* GMUStaticCluster.h */,
				552A532B234F54320056A6BD /* GMUMarkerClustering.h */,
				55AFFB702356F7B40011273F /* Algo */,
				55AFFB7A2356F7B40011273F /* GMUClusterManager.h */,
				55AFFB7B2356F7B40011273F /* GMUClusterManager+Testing.h */,
				55AFFB7C2356F7B40011273F /* View */,
				55AFFB852356F7B40011273F /* GMUStaticCluster.m */,
				55AFFB862356F7B40011273F /* GMUCluster.h */,
				55AFFB872356F7B40011273F /* GMUClusterItem.h */,
			);
			path = Clustering;
			sourceTree = "<group>";
		};
		55AFFB702356F7B40011273F /* Algo */ = {
			isa = PBXGroup;
			children = (
				55AFFB712356F7B40011273F /* GMUGridBasedClusterAlgorithm.m */,
				55AFFB722356F7B40011273F /* GMUClusterAlgorithm.h */,
				55AFFB732356F7B40011273F /* GMUNonHierarchicalDistanceBasedAlgorithm.h */,
				55AFFB742356F7B40011273F /* GMUWrappingDictionaryKey.m */,
				55AFFB752356F7B40011273F /* GMUSimpleClusterAlgorithm.m */,
				55AFFB762356F7B40011273F /* GMUGridBasedClusterAlgorithm.h */,
				55AFFB772356F7B40011273F /* GMUNonHierarchicalDistanceBasedAlgorithm.m */,
				55AFFB782356F7B40011273F /* GMUSimpleClusterAlgorithm.h */,
				55AFFB792356F7B40011273F /* GMUWrappingDictionaryKey.h */,
			);
			path = Algo;
			sourceTree = "<group>";
		};
		55AFFB7C2356F7B40011273F /* View */ = {
			isa = PBXGroup;
			children = (
				55AFFB7D2356F7B40011273F /* GMUClusterIconGenerator.h */,
				55AFFB7E2356F7B40011273F /* GMUClusterRenderer.h */,
				55AFFB7F2356F7B40011273F /* GMUDefaultClusterRenderer+Testing.h */,
				55AFFB802356F7B40011273F /* GMUDefaultClusterRenderer.m */,
				55AFFB812356F7B40011273F /* GMUDefaultClusterIconGenerator.h */,
				55AFFB822356F7B40011273F /* GMUDefaultClusterIconGenerator.m */,
				55AFFB832356F7B40011273F /* GMUDefaultClusterRenderer.h */,
				55AFFB842356F7B40011273F /* GMUDefaultClusterIconGenerator+Testing.h */,
			);
			path = View;
			sourceTree = "<group>";
		};
		55AFFB882356F7B40011273F /* Heatmap */ = {
			isa = PBXGroup;
			children = (
				55AFFB892356F7B40011273F /* GMUGradient.h */,
				55AFFB8A2356F7B40011273F /* GMUWeightedLatLng.m */,
				55AFFB8B2356F7B40011273F /* GMUHeatmapTileLayer.h */,
				55AFFB8C2356F7B40011273F /* GMUWeightedLatLng.h */,
				55AFFB8D2356F7B40011273F /* GMUGradient.m */,
				55AFFB8E2356F7B40011273F /* GMUHeatmapTileLayer.m */,
			);
			path = Heatmap;
			sourceTree = "<group>";
		};
		55AFFB8F2356F7B40011273F /* Geometry */ = {
			isa = PBXGroup;
			children = (
				55AFFB902356F7B40011273F /* GMUKMLParser.m */,
				55AFFB912356F7B40011273F /* GMUGeometryRenderer.m */,
				55AFFB922356F7B40011273F /* GMUGeoJSONParser.h */,
				55AFFB932356F7B40011273F /* Model */,
				55AFFBAA2356F7B40011273F /* GMUKMLParser.h */,
				55AFFBAB2356F7B40011273F /* GMUGeometryRenderer+Testing.h */,
				55AFFBAC2356F7B40011273F /* GMUGeoJSONParser.m */,
				55AFFBAD2356F7B40011273F /* GMUGeometryRenderer.h */,
			);
			path = Geometry;
			sourceTree = "<group>";
		};
		55AFFB932356F7B40011273F /* Model */ = {
			isa = PBXGroup;
			children = (
				55AFFB942356F7B40011273F /* GMUGeometryCollection.m */,
				55AFFB952356F7B40011273F /* GMUPoint.h */,
				55AFFB962356F7B40011273F /* GMUStyle.h */,
				55AFFB972356F7B40011273F /* GMUPlacemark.m */,
				55AFFB982356F7B40011273F /* GMUPolygon.m */,
				55AFFB992356F7B40011273F /* GMUPair.h */,
				55AFFB9A2356F7B40011273F /* GMUGeometryContainer.h */,
				55AFFB9B2356F7B40011273F /* GMUStyleMap.m */,
				55AFFB9C2356F7B40011273F /* GMUFeature.m */,
				55AFFB9D2356F7B40011273F /* GMULineString.h */,
				55AFFB9E2356F7B40011273F /* GMUGroundOverlay.m */,
				55AFFB9F2356F7B40011273F /* GMUStyle.m */,
				55AFFBA02356F7B40011273F /* GMUPoint.m */,
				55AFFBA12356F7B40011273F /* GMUGeometry.h */,
				55AFFBA22356F7B40011273F /* GMUGeometryCollection.h */,
				55AFFBA32356F7B40011273F /* GMUPair.m */,
				55AFFBA42356F7B40011273F /* GMUPolygon.h */,
				55AFFBA52356F7B40011273F /* GMUPlacemark.h */,
				55AFFBA62356F7B40011273F /* GMUStyleMap.h */,
				55AFFBA72356F7B40011273F /* GMUGroundOverlay.h */,
				55AFFBA82356F7B40011273F /* GMULineString.m */,
				55AFFBA92356F7B40011273F /* GMUFeature.h */,
			);
			path = Model;
			sourceTree = "<group>";
		};
		55AFFBAE2356F7B40011273F /* QuadTree */ = {
			isa = PBXGroup;
			children = (
				55AFFBAF2356F7B40011273F /* GQTPointQuadTree.m */,
				55AFFBB02356F7B40011273F /* GQTPointQuadTreeItem.h */,
				55AFFBB12356F7B40011273F /* GQTPointQuadTreeChild.m */,
				55AFFBB22356F7B40011273F /* GQTPoint.h */,
				55AFFBB32356F7B40011273F /* GQTPointQuadTree.h */,
				55AFFBB42356F7B40011273F /* GQTPointQuadTreeChild.h */,
				55AFFBB52356F7B40011273F /* GQTBounds.h */,
			);
			path = QuadTree;
			sourceTree = "<group>";
		};
		55E63EA62350B688001882F8 /* Enums */ = {
			isa = PBXGroup;
			children = (
				55E63EA72350B6A2001882F8 /* MapZoom.swift */,
				5551092F23575218000B8AE1 /* MarkerCategory.swift */,
				5553427923719AE1004558A4 /* ClusterAlgorithms.swift */,
			);
			path = Enums;
			sourceTree = "<group>";
		};
		7FBCBD39EB05E03D807B3EE5 /* Pods */ = {
			isa = PBXGroup;
			children = (
				E3A471C461DB421CB3CA01B3 /* Pods-GoogleMapsTestApp.debug.xcconfig */,
				EAA6FBF6FD5838CF85A4F54A /* Pods-GoogleMapsTestApp.release.xcconfig */,
			);
			path = Pods;
			sourceTree = "<group>";
		};
		F4DA98C3572E4F70D0E64142 /* Frameworks */ = {
			isa = PBXGroup;
			children = (
				BE1C6788AA2A50E7DE79A2A5 /* Pods_GoogleMapsTestApp.framework */,
			);
			name = Frameworks;
			sourceTree = "<group>";
		};
/* End PBXGroup section */

/* Begin PBXNativeTarget section */
		555C0096234F3E34000E2496 /* GoogleMapsTestApp */ = {
			isa = PBXNativeTarget;
			buildConfigurationList = 555C00AB234F3E35000E2496 /* Build configuration list for PBXNativeTarget "GoogleMapsTestApp" */;
			buildPhases = (
				BC40E2ADDA8371608F6FF098 /* [CP] Check Pods Manifest.lock */,
				555C0093234F3E34000E2496 /* Sources */,
				555C0094234F3E34000E2496 /* Frameworks */,
				555C0095234F3E34000E2496 /* Resources */,
				2D566A7E114A7F1AA966075C /* [CP] Copy Pods Resources */,
				0D807213B43B54B57D6B2AEE /* [CP] Embed Pods Frameworks */,
			);
			buildRules = (
			);
			dependencies = (
			);
			name = GoogleMapsTestApp;
			productName = GoogleMapsTestApp;
			productReference = 555C0097234F3E34000E2496 /* GoogleMapsTestApp.app */;
			productType = "com.apple.product-type.application";
		};
/* End PBXNativeTarget section */

/* Begin PBXProject section */
		555C008F234F3E34000E2496 /* Project object */ = {
			isa = PBXProject;
			attributes = {
				LastSwiftUpdateCheck = 1110;
				LastUpgradeCheck = 1110;
				ORGANIZATIONNAME = Andrey;
				TargetAttributes = {
					555C0096234F3E34000E2496 = {
						CreatedOnToolsVersion = 11.1;
					};
				};
			};
			buildConfigurationList = 555C0092234F3E34000E2496 /* Build configuration list for PBXProject "GoogleMapsTestApp" */;
			compatibilityVersion = "Xcode 9.3";
			developmentRegion = en;
			hasScannedForEncodings = 0;
			knownRegions = (
				en,
				Base,
			);
			mainGroup = 555C008E234F3E34000E2496;
			productRefGroup = 555C0098234F3E34000E2496 /* Products */;
			projectDirPath = "";
			projectRoot = "";
			targets = (
				555C0096234F3E34000E2496 /* GoogleMapsTestApp */,
			);
		};
/* End PBXProject section */

/* Begin PBXResourcesBuildPhase section */
		555C0095234F3E34000E2496 /* Resources */ = {
			isa = PBXResourcesBuildPhase;
			buildActionMask = 2147483647;
			files = (
				555C00A7234F3E35000E2496 /* LaunchScreen.storyboard in Resources */,
				555C00A4234F3E35000E2496 /* Assets.xcassets in Resources */,
				555C00A2234F3E34000E2496 /* Main.storyboard in Resources */,
			);
			runOnlyForDeploymentPostprocessing = 0;
		};
/* End PBXResourcesBuildPhase section */

/* Begin PBXShellScriptBuildPhase section */
		0D807213B43B54B57D6B2AEE /* [CP] Embed Pods Frameworks */ = {
			isa = PBXShellScriptBuildPhase;
			buildActionMask = 2147483647;
			files = (
			);
			inputFileListPaths = (
				"${PODS_ROOT}/Target Support Files/Pods-GoogleMapsTestApp/Pods-GoogleMapsTestApp-frameworks-${CONFIGURATION}-input-files.xcfilelist",
			);
			name = "[CP] Embed Pods Frameworks";
			outputFileListPaths = (
				"${PODS_ROOT}/Target Support Files/Pods-GoogleMapsTestApp/Pods-GoogleMapsTestApp-frameworks-${CONFIGURATION}-output-files.xcfilelist",
			);
			runOnlyForDeploymentPostprocessing = 0;
			shellPath = /bin/sh;
			shellScript = "\"${PODS_ROOT}/Target Support Files/Pods-GoogleMapsTestApp/Pods-GoogleMapsTestApp-frameworks.sh\"\n";
			showEnvVarsInLog = 0;
		};
		2D566A7E114A7F1AA966075C /* [CP] Copy Pods Resources */ = {
			isa = PBXShellScriptBuildPhase;
			buildActionMask = 2147483647;
			files = (
			);
			inputFileListPaths = (
				"${PODS_ROOT}/Target Support Files/Pods-GoogleMapsTestApp/Pods-GoogleMapsTestApp-resources-${CONFIGURATION}-input-files.xcfilelist",
			);
			name = "[CP] Copy Pods Resources";
			outputFileListPaths = (
				"${PODS_ROOT}/Target Support Files/Pods-GoogleMapsTestApp/Pods-GoogleMapsTestApp-resources-${CONFIGURATION}-output-files.xcfilelist",
			);
			runOnlyForDeploymentPostprocessing = 0;
			shellPath = /bin/sh;
			shellScript = "\"${PODS_ROOT}/Target Support Files/Pods-GoogleMapsTestApp/Pods-GoogleMapsTestApp-resources.sh\"\n";
			showEnvVarsInLog = 0;
		};
		BC40E2ADDA8371608F6FF098 /* [CP] Check Pods Manifest.lock */ = {
			isa = PBXShellScriptBuildPhase;
			buildActionMask = 2147483647;
			files = (
			);
			inputFileListPaths = (
			);
			inputPaths = (
				"${PODS_PODFILE_DIR_PATH}/Podfile.lock",
				"${PODS_ROOT}/Manifest.lock",
			);
			name = "[CP] Check Pods Manifest.lock";
			outputFileListPaths = (
			);
			outputPaths = (
				"$(DERIVED_FILE_DIR)/Pods-GoogleMapsTestApp-checkManifestLockResult.txt",
			);
			runOnlyForDeploymentPostprocessing = 0;
			shellPath = /bin/sh;
			shellScript = "diff \"${PODS_PODFILE_DIR_PATH}/Podfile.lock\" \"${PODS_ROOT}/Manifest.lock\" > /dev/null\nif [ $? != 0 ] ; then\n    # print error to STDERR\n    echo \"error: The sandbox is not in sync with the Podfile.lock. Run 'pod install' or update your CocoaPods installation.\" >&2\n    exit 1\nfi\n# This output is used by Xcode 'outputs' to avoid re-running this script phase.\necho \"SUCCESS\" > \"${SCRIPT_OUTPUT_FILE_0}\"\n";
			showEnvVarsInLog = 0;
		};
/* End PBXShellScriptBuildPhase section */

/* Begin PBXSourcesBuildPhase section */
		555C0093234F3E34000E2496 /* Sources */ = {
			isa = PBXSourcesBuildPhase;
			buildActionMask = 2147483647;
			files = (
				55AFFBB92356F7B40011273F /* GMUSimpleClusterAlgorithm.m in Sources */,
				555342782371998C004558A4 /* ClusterManagerConfigurator.swift in Sources */,
				55AFFBC12356F7B40011273F /* GMUKMLParser.m in Sources */,
				55AFFBCC2356F7B40011273F /* GMULineString.m in Sources */,
				556B9CA8235DCB9500AB713B /* NetworkManager.swift in Sources */,
				55509534236B07F0009EB330 /* MapViewControllerViewModel.swift in Sources */,
				55509537236B0923009EB330 /* GoogleMapViewController.swift in Sources */,
				55B617D12372BCAD00AAC6BA /* Constants.swift in Sources */,
				55AFFBC52356F7B40011273F /* GMUPolygon.m in Sources */,
				55AFFBC82356F7B40011273F /* GMUGroundOverlay.m in Sources */,
				5551093023575218000B8AE1 /* MarkerCategory.swift in Sources */,
				55AFFBCD2356F7B40011273F /* GMUGeoJSONParser.m in Sources */,
				55AFFBC92356F7B40011273F /* GMUStyle.m in Sources */,
				555C009F234F3E34000E2496 /* GoogleMapsViewController.swift in Sources */,
				55509532236B075F009EB330 /* MapViewController.swift in Sources */,
				557766D723758DEB004592F1 /* ButtonSceneModule.swift in Sources */,
				555C009B234F3E34000E2496 /* AppDelegate.swift in Sources */,
				55AFFBBD2356F7B40011273F /* GMUStaticCluster.m in Sources */,
				55AFFBCF2356F7B40011273F /* GQTPointQuadTreeChild.m in Sources */,
				554CC8B7234F702B00E95117 /* MapItem.swift in Sources */,
				55AFFBC72356F7B40011273F /* GMUFeature.m in Sources */,
				55AFFBB72356F7B40011273F /* GMUGridBasedClusterAlgorithm.m in Sources */,
				5565FA1D23743A2B00ED769A /* DataForClusterConfigurator.swift in Sources */,
				55AFFBBF2356F7B40011273F /* GMUGradient.m in Sources */,
				55AFFBBA2356F7B40011273F /* GMUNonHierarchicalDistanceBasedAlgorithm.m in Sources */,
				552A5307234F4DCF0056A6BD /* APIKey.swift in Sources */,
				55AFFBC32356F7B40011273F /* GMUGeometryCollection.m in Sources */,
				5575845F2366CA11008A3841 /* GoogleMapsViewModel.swift in Sources */,
				55E8073D236C4D2C00EFBA3D /* MapPointTypeProtocol.swift in Sources */,
				55B617DA2372DB7100AAC6BA /* Routable.swift in Sources */,
				55AFFBCA2356F7B40011273F /* GMUPoint.m in Sources */,
				557933FD2350676400BFAA8E /* Coordinates.swift in Sources */,
				55E8073B236C4B9800EFBA3D /* ClusterConfiguratorDataSource.swift in Sources */,
				55AFFBC22356F7B40011273F /* GMUGeometryRenderer.m in Sources */,
				55AFFBC62356F7B40011273F /* GMUStyleMap.m in Sources */,
				557766DE23759173004592F1 /* BaseModuleProtocol.swift in Sources */,
				55AFFBBE2356F7B40011273F /* GMUWeightedLatLng.m in Sources */,
				55E63EA82350B6A2001882F8 /* MapZoom.swift in Sources */,
				55AFFBB82356F7B40011273F /* GMUWrappingDictionaryKey.m in Sources */,
				557766E023759213004592F1 /* ButtonSceneViewModel.swift in Sources */,
				5550952F236AFEC6009EB330 /* ButtonViewController.swift in Sources */,
				5553427A23719AE1004558A4 /* ClusterAlgorithms.swift in Sources */,
				5502F73C23794DF6001003C9 /* Launcher.swift in Sources */,
				555C009D234F3E34000E2496 /* SceneDelegate.swift in Sources */,
				5579340023507C3500BFAA8E /* MapPoint.swift in Sources */,
				55AFFBCB2356F7B40011273F /* GMUPair.m in Sources */,
				55AFFBC42356F7B40011273F /* GMUPlacemark.m in Sources */,
				55AFFBBB2356F7B40011273F /* GMUDefaultClusterRenderer.m in Sources */,
				55E80739236C497B00EFBA3D /* MapPointType.swift in Sources */,
				5502F73E23797FC9001003C9 /* UIViewControllerExtensions.swift in Sources */,
				55AFFBCE2356F7B40011273F /* GQTPointQuadTree.m in Sources */,
				55AFFBC02356F7B40011273F /* GMUHeatmapTileLayer.m in Sources */,
				557766D0237579AF004592F1 /* GoogleMapsModule.swift in Sources */,
				557766CC23755ECF004592F1 /* ButtonRouterPorotocol.swift in Sources */,
				557934022350A6EE00BFAA8E /* StartPoint.swift in Sources */,
				5565FA1B2374376A00ED769A /* ClusterConfiguratorParameters.swift in Sources */,
				5553427623719629004558A4 /* ClusterConfigurator.swift in Sources */,
				55E80737236C1D5700EFBA3D /* NetworkDataProvider.swift in Sources */,
				55AFFBBC2356F7B40011273F /* GMUDefaultClusterIconGenerator.m in Sources */,
				556B9CAB235DCCEF00AB713B /* Geodata.swift in Sources */,
				557766CE23755EFD004592F1 /* ButtonRouter.swift in Sources */,
				55AFFBB62356F7B40011273F /* GMUClusterManager.m in Sources */,
				556B9CA5235DA92C00AB713B /* MoyaService.swift in Sources */,
			);
			runOnlyForDeploymentPostprocessing = 0;
		};
/* End PBXSourcesBuildPhase section */

/* Begin PBXVariantGroup section */
		555C00A0234F3E34000E2496 /* Main.storyboard */ = {
			isa = PBXVariantGroup;
			children = (
				555C00A1234F3E34000E2496 /* Base */,
			);
			name = Main.storyboard;
			sourceTree = "<group>";
		};
		555C00A5234F3E35000E2496 /* LaunchScreen.storyboard */ = {
			isa = PBXVariantGroup;
			children = (
				555C00A6234F3E35000E2496 /* Base */,
			);
			name = LaunchScreen.storyboard;
			sourceTree = "<group>";
		};
/* End PBXVariantGroup section */

/* Begin XCBuildConfiguration section */
		555C00A9234F3E35000E2496 /* Debug */ = {
			isa = XCBuildConfiguration;
			buildSettings = {
				ALWAYS_SEARCH_USER_PATHS = NO;
				CLANG_ANALYZER_NONNULL = YES;
				CLANG_ANALYZER_NUMBER_OBJECT_CONVERSION = YES_AGGRESSIVE;
				CLANG_CXX_LANGUAGE_STANDARD = "gnu++14";
				CLANG_CXX_LIBRARY = "libc++";
				CLANG_ENABLE_MODULES = YES;
				CLANG_ENABLE_OBJC_ARC = YES;
				CLANG_ENABLE_OBJC_WEAK = YES;
				CLANG_WARN_BLOCK_CAPTURE_AUTORELEASING = YES;
				CLANG_WARN_BOOL_CONVERSION = YES;
				CLANG_WARN_COMMA = YES;
				CLANG_WARN_CONSTANT_CONVERSION = YES;
				CLANG_WARN_DEPRECATED_OBJC_IMPLEMENTATIONS = YES;
				CLANG_WARN_DIRECT_OBJC_ISA_USAGE = YES_ERROR;
				CLANG_WARN_DOCUMENTATION_COMMENTS = YES;
				CLANG_WARN_EMPTY_BODY = YES;
				CLANG_WARN_ENUM_CONVERSION = YES;
				CLANG_WARN_INFINITE_RECURSION = YES;
				CLANG_WARN_INT_CONVERSION = YES;
				CLANG_WARN_NON_LITERAL_NULL_CONVERSION = YES;
				CLANG_WARN_OBJC_IMPLICIT_RETAIN_SELF = YES;
				CLANG_WARN_OBJC_LITERAL_CONVERSION = YES;
				CLANG_WARN_OBJC_ROOT_CLASS = YES_ERROR;
				CLANG_WARN_RANGE_LOOP_ANALYSIS = YES;
				CLANG_WARN_STRICT_PROTOTYPES = YES;
				CLANG_WARN_SUSPICIOUS_MOVE = YES;
				CLANG_WARN_UNGUARDED_AVAILABILITY = YES_AGGRESSIVE;
				CLANG_WARN_UNREACHABLE_CODE = YES;
				CLANG_WARN__DUPLICATE_METHOD_MATCH = YES;
				COPY_PHASE_STRIP = NO;
				DEBUG_INFORMATION_FORMAT = dwarf;
				ENABLE_STRICT_OBJC_MSGSEND = YES;
				ENABLE_TESTABILITY = YES;
				GCC_C_LANGUAGE_STANDARD = gnu11;
				GCC_DYNAMIC_NO_PIC = NO;
				GCC_NO_COMMON_BLOCKS = YES;
				GCC_OPTIMIZATION_LEVEL = 0;
				GCC_PREPROCESSOR_DEFINITIONS = (
					"DEBUG=1",
					"$(inherited)",
				);
				GCC_WARN_64_TO_32_BIT_CONVERSION = YES;
				GCC_WARN_ABOUT_RETURN_TYPE = YES_ERROR;
				GCC_WARN_UNDECLARED_SELECTOR = YES;
				GCC_WARN_UNINITIALIZED_AUTOS = YES_AGGRESSIVE;
				GCC_WARN_UNUSED_FUNCTION = YES;
				GCC_WARN_UNUSED_VARIABLE = YES;
				IPHONEOS_DEPLOYMENT_TARGET = 11.0;
				MTL_ENABLE_DEBUG_INFO = INCLUDE_SOURCE;
				MTL_FAST_MATH = YES;
				ONLY_ACTIVE_ARCH = YES;
				SDKROOT = iphoneos;
				SWIFT_ACTIVE_COMPILATION_CONDITIONS = DEBUG;
				SWIFT_OPTIMIZATION_LEVEL = "-Onone";
			};
			name = Debug;
		};
		555C00AA234F3E35000E2496 /* Release */ = {
			isa = XCBuildConfiguration;
			buildSettings = {
				ALWAYS_SEARCH_USER_PATHS = NO;
				CLANG_ANALYZER_NONNULL = YES;
				CLANG_ANALYZER_NUMBER_OBJECT_CONVERSION = YES_AGGRESSIVE;
				CLANG_CXX_LANGUAGE_STANDARD = "gnu++14";
				CLANG_CXX_LIBRARY = "libc++";
				CLANG_ENABLE_MODULES = YES;
				CLANG_ENABLE_OBJC_ARC = YES;
				CLANG_ENABLE_OBJC_WEAK = YES;
				CLANG_WARN_BLOCK_CAPTURE_AUTORELEASING = YES;
				CLANG_WARN_BOOL_CONVERSION = YES;
				CLANG_WARN_COMMA = YES;
				CLANG_WARN_CONSTANT_CONVERSION = YES;
				CLANG_WARN_DEPRECATED_OBJC_IMPLEMENTATIONS = YES;
				CLANG_WARN_DIRECT_OBJC_ISA_USAGE = YES_ERROR;
				CLANG_WARN_DOCUMENTATION_COMMENTS = YES;
				CLANG_WARN_EMPTY_BODY = YES;
				CLANG_WARN_ENUM_CONVERSION = YES;
				CLANG_WARN_INFINITE_RECURSION = YES;
				CLANG_WARN_INT_CONVERSION = YES;
				CLANG_WARN_NON_LITERAL_NULL_CONVERSION = YES;
				CLANG_WARN_OBJC_IMPLICIT_RETAIN_SELF = YES;
				CLANG_WARN_OBJC_LITERAL_CONVERSION = YES;
				CLANG_WARN_OBJC_ROOT_CLASS = YES_ERROR;
				CLANG_WARN_RANGE_LOOP_ANALYSIS = YES;
				CLANG_WARN_STRICT_PROTOTYPES = YES;
				CLANG_WARN_SUSPICIOUS_MOVE = YES;
				CLANG_WARN_UNGUARDED_AVAILABILITY = YES_AGGRESSIVE;
				CLANG_WARN_UNREACHABLE_CODE = YES;
				CLANG_WARN__DUPLICATE_METHOD_MATCH = YES;
				COPY_PHASE_STRIP = NO;
				DEBUG_INFORMATION_FORMAT = "dwarf-with-dsym";
				ENABLE_NS_ASSERTIONS = NO;
				ENABLE_STRICT_OBJC_MSGSEND = YES;
				GCC_C_LANGUAGE_STANDARD = gnu11;
				GCC_NO_COMMON_BLOCKS = YES;
				GCC_WARN_64_TO_32_BIT_CONVERSION = YES;
				GCC_WARN_ABOUT_RETURN_TYPE = YES_ERROR;
				GCC_WARN_UNDECLARED_SELECTOR = YES;
				GCC_WARN_UNINITIALIZED_AUTOS = YES_AGGRESSIVE;
				GCC_WARN_UNUSED_FUNCTION = YES;
				GCC_WARN_UNUSED_VARIABLE = YES;
				IPHONEOS_DEPLOYMENT_TARGET = 11.0;
				MTL_ENABLE_DEBUG_INFO = NO;
				MTL_FAST_MATH = YES;
				SDKROOT = iphoneos;
				SWIFT_COMPILATION_MODE = wholemodule;
				SWIFT_OPTIMIZATION_LEVEL = "-O";
				VALIDATE_PRODUCT = YES;
			};
			name = Release;
		};
		555C00AC234F3E35000E2496 /* Debug */ = {
			isa = XCBuildConfiguration;
			baseConfigurationReference = E3A471C461DB421CB3CA01B3 /* Pods-GoogleMapsTestApp.debug.xcconfig */;
			buildSettings = {
				ASSETCATALOG_COMPILER_APPICON_NAME = AppIcon;
				CODE_SIGN_STYLE = Automatic;
				DEVELOPMENT_TEAM = 59W5V2C5L3;
				INFOPLIST_FILE = GoogleMapsTestApp/Info.plist;
				IPHONEOS_DEPLOYMENT_TARGET = 11.0;
				LD_RUNPATH_SEARCH_PATHS = (
					"$(inherited)",
					"@executable_path/Frameworks",
				);
				PRODUCT_BUNDLE_IDENTIFIER = com.AKochetkov.GoogleMapsTestApp;
				PRODUCT_NAME = "$(TARGET_NAME)";
				SWIFT_OBJC_BRIDGING_HEADER = "/Users/andrey/Desktop/Work/GoogleMapsTestApp/Google-Maps-iOS-Utils/GoogleMapsTestApp-Bridging-Header.h";
				SWIFT_VERSION = 5.0;
				TARGETED_DEVICE_FAMILY = "1,2";
			};
			name = Debug;
		};
		555C00AD234F3E35000E2496 /* Release */ = {
			isa = XCBuildConfiguration;
			baseConfigurationReference = EAA6FBF6FD5838CF85A4F54A /* Pods-GoogleMapsTestApp.release.xcconfig */;
			buildSettings = {
				ASSETCATALOG_COMPILER_APPICON_NAME = AppIcon;
				CODE_SIGN_STYLE = Automatic;
				DEVELOPMENT_TEAM = 59W5V2C5L3;
				INFOPLIST_FILE = GoogleMapsTestApp/Info.plist;
				IPHONEOS_DEPLOYMENT_TARGET = 11.0;
				LD_RUNPATH_SEARCH_PATHS = (
					"$(inherited)",
					"@executable_path/Frameworks",
				);
				PRODUCT_BUNDLE_IDENTIFIER = com.AKochetkov.GoogleMapsTestApp;
				PRODUCT_NAME = "$(TARGET_NAME)";
				SWIFT_OBJC_BRIDGING_HEADER = "/Users/andrey/Desktop/Work/GoogleMapsTestApp/Google-Maps-iOS-Utils/GoogleMapsTestApp-Bridging-Header.h";
				SWIFT_VERSION = 5.0;
				TARGETED_DEVICE_FAMILY = "1,2";
			};
			name = Release;
		};
/* End XCBuildConfiguration section */

/* Begin XCConfigurationList section */
		555C0092234F3E34000E2496 /* Build configuration list for PBXProject "GoogleMapsTestApp" */ = {
			isa = XCConfigurationList;
			buildConfigurations = (
				555C00A9234F3E35000E2496 /* Debug */,
				555C00AA234F3E35000E2496 /* Release */,
			);
			defaultConfigurationIsVisible = 0;
			defaultConfigurationName = Release;
		};
		555C00AB234F3E35000E2496 /* Build configuration list for PBXNativeTarget "GoogleMapsTestApp" */ = {
			isa = XCConfigurationList;
			buildConfigurations = (
				555C00AC234F3E35000E2496 /* Debug */,
				555C00AD234F3E35000E2496 /* Release */,
			);
			defaultConfigurationIsVisible = 0;
			defaultConfigurationName = Release;
		};
/* End XCConfigurationList section */
	};
	rootObject = 555C008F234F3E34000E2496 /* Project object */;
}
